
Microsoft Visual Studio Solution File, Format Version 12.00
# Visual Studio Version 16
VisualStudioVersion = 16.0.31313.79
MinimumVisualStudioVersion = 10.0.40219.1
Project("{FAE04EC0-301F-11D3-BF4B-00C04F79EFBC}") = "Zadanie 1 spr", "Zadanie 1 spr\Zadanie 1 spr.csproj", "{FAAF39B8-B940-4757-977F-467810CED6F9}"
EndProject
Global
	GlobalSection(SolutionConfigurationPlatforms) = preSolution
		Debug|Any CPU = Debug|Any CPU
		Release|Any CPU = Release|Any CPU
	EndGlobalSection
	GlobalSection(ProjectConfigurationPlatforms) = postSolution
		{FAAF39B8-B940-4757-977F-467810CED6F9}.Debug|Any CPU.ActiveCfg = Debug|Any CPU
		{FAAF39B8-B940-4757-977F-467810CED6F9}.Debug|Any CPU.Build.0 = Debug|Any CPU
		{FAAF39B8-B940-4757-977F-467810CED6F9}.Release|Any CPU.ActiveCfg = Release|Any CPU
		{FAAF39B8-B940-4757-977F-467810CED6F9}.Release|Any CPU.Build.0 = Release|Any CPU
	EndGlobalSection
	GlobalSection(SolutionProperties) = preSolution
		HideSolutionNode = FALSE
	EndGlobalSection
	GlobalSection(ExtensibilityGlobals) = postSolution
		SolutionGuid = {E12CF96F-954C-40FD-92D3-74328626B335}
	EndGlobalSection
EndGlobal
