
Microsoft Visual Studio Solution File, Format Version 12.00
# Visual Studio Version 16
VisualStudioVersion = 16.0.31105.61
MinimumVisualStudioVersion = 10.0.40219.1
Project("{FAE04EC0-301F-11D3-BF4B-00C04F79EFBC}") = "Wzorki1", "Wzorki1\Wzorki1.csproj", "{C29CE463-7132-4F45-BE2B-BCF6D348B594}"
EndProject
Global
	GlobalSection(SolutionConfigurationPlatforms) = preSolution
		Debug|Any CPU = Debug|Any CPU
		Release|Any CPU = Release|Any CPU
	EndGlobalSection
	GlobalSection(ProjectConfigurationPlatforms) = postSolution
		{C29CE463-7132-4F45-BE2B-BCF6D348B594}.Debug|Any CPU.ActiveCfg = Debug|Any CPU
		{C29CE463-7132-4F45-BE2B-BCF6D348B594}.Debug|Any CPU.Build.0 = Debug|Any CPU
		{C29CE463-7132-4F45-BE2B-BCF6D348B594}.Release|Any CPU.ActiveCfg = Release|Any CPU
		{C29CE463-7132-4F45-BE2B-BCF6D348B594}.Release|Any CPU.Build.0 = Release|Any CPU
	EndGlobalSection
	GlobalSection(SolutionProperties) = preSolution
		HideSolutionNode = FALSE
	EndGlobalSection
	GlobalSection(ExtensibilityGlobals) = postSolution
		SolutionGuid = {293AAA94-571A-48F6-9893-DE2B9A28F527}
	EndGlobalSection
EndGlobal
