
Microsoft Visual Studio Solution File, Format Version 12.00
# Visual Studio Version 16
VisualStudioVersion = 16.0.31105.61
MinimumVisualStudioVersion = 10.0.40219.1
Project("{FAE04EC0-301F-11D3-BF4B-00C04F79EFBC}") = "Spoj4", "Spoj4\Spoj4.csproj", "{B81259C3-BAFF-49CC-AAAC-88FD8D0D9EC4}"
EndProject
Global
	GlobalSection(SolutionConfigurationPlatforms) = preSolution
		Debug|Any CPU = Debug|Any CPU
		Release|Any CPU = Release|Any CPU
	EndGlobalSection
	GlobalSection(ProjectConfigurationPlatforms) = postSolution
		{B81259C3-BAFF-49CC-AAAC-88FD8D0D9EC4}.Debug|Any CPU.ActiveCfg = Debug|Any CPU
		{B81259C3-BAFF-49CC-AAAC-88FD8D0D9EC4}.Debug|Any CPU.Build.0 = Debug|Any CPU
		{B81259C3-BAFF-49CC-AAAC-88FD8D0D9EC4}.Release|Any CPU.ActiveCfg = Release|Any CPU
		{B81259C3-BAFF-49CC-AAAC-88FD8D0D9EC4}.Release|Any CPU.Build.0 = Release|Any CPU
	EndGlobalSection
	GlobalSection(SolutionProperties) = preSolution
		HideSolutionNode = FALSE
	EndGlobalSection
	GlobalSection(ExtensibilityGlobals) = postSolution
		SolutionGuid = {F58FD652-D175-43B6-9954-40C8DB1A3236}
	EndGlobalSection
EndGlobal
