
Microsoft Visual Studio Solution File, Format Version 12.00
# Visual Studio Version 16
VisualStudioVersion = 16.0.31205.134
MinimumVisualStudioVersion = 10.0.40219.1
Project("{FAE04EC0-301F-11D3-BF4B-00C04F79EFBC}") = "Zadanie Równanie kwadratowe", "Zadanie Równanie kwadratowe\Zadanie Równanie kwadratowe.csproj", "{5E6F1F00-5E88-4414-B59A-26B4B45338B9}"
EndProject
Global
	GlobalSection(SolutionConfigurationPlatforms) = preSolution
		Debug|Any CPU = Debug|Any CPU
		Release|Any CPU = Release|Any CPU
	EndGlobalSection
	GlobalSection(ProjectConfigurationPlatforms) = postSolution
		{5E6F1F00-5E88-4414-B59A-26B4B45338B9}.Debug|Any CPU.ActiveCfg = Debug|Any CPU
		{5E6F1F00-5E88-4414-B59A-26B4B45338B9}.Debug|Any CPU.Build.0 = Debug|Any CPU
		{5E6F1F00-5E88-4414-B59A-26B4B45338B9}.Release|Any CPU.ActiveCfg = Release|Any CPU
		{5E6F1F00-5E88-4414-B59A-26B4B45338B9}.Release|Any CPU.Build.0 = Release|Any CPU
	EndGlobalSection
	GlobalSection(SolutionProperties) = preSolution
		HideSolutionNode = FALSE
	EndGlobalSection
	GlobalSection(ExtensibilityGlobals) = postSolution
		SolutionGuid = {BDB4DFFA-B529-4553-8A0D-3B7CE34E3EE9}
	EndGlobalSection
EndGlobal
