
Microsoft Visual Studio Solution File, Format Version 12.00
# Visual Studio Version 16
VisualStudioVersion = 16.0.31205.134
MinimumVisualStudioVersion = 10.0.40219.1
Project("{FAE04EC0-301F-11D3-BF4B-00C04F79EFBC}") = "Sprawdzian 3", "Sprawdzian 3\Sprawdzian 3.csproj", "{DD2CD4C2-A4A7-4C83-B980-7528D5152B98}"
EndProject
Global
	GlobalSection(SolutionConfigurationPlatforms) = preSolution
		Debug|Any CPU = Debug|Any CPU
		Release|Any CPU = Release|Any CPU
	EndGlobalSection
	GlobalSection(ProjectConfigurationPlatforms) = postSolution
		{DD2CD4C2-A4A7-4C83-B980-7528D5152B98}.Debug|Any CPU.ActiveCfg = Debug|Any CPU
		{DD2CD4C2-A4A7-4C83-B980-7528D5152B98}.Debug|Any CPU.Build.0 = Debug|Any CPU
		{DD2CD4C2-A4A7-4C83-B980-7528D5152B98}.Release|Any CPU.ActiveCfg = Release|Any CPU
		{DD2CD4C2-A4A7-4C83-B980-7528D5152B98}.Release|Any CPU.Build.0 = Release|Any CPU
	EndGlobalSection
	GlobalSection(SolutionProperties) = preSolution
		HideSolutionNode = FALSE
	EndGlobalSection
	GlobalSection(ExtensibilityGlobals) = postSolution
		SolutionGuid = {248DF9F5-A7BB-419A-BA9F-F47FE4BF79B1}
	EndGlobalSection
EndGlobal
