
Microsoft Visual Studio Solution File, Format Version 12.00
# Visual Studio Version 16
VisualStudioVersion = 16.0.31105.61
MinimumVisualStudioVersion = 10.0.40219.1
Project("{FAE04EC0-301F-11D3-BF4B-00C04F79EFBC}") = "SMPSEQ3", "SMPSEQ3\SMPSEQ3.csproj", "{15648BCA-1E78-488C-BAD8-50E6D8D16068}"
EndProject
Global
	GlobalSection(SolutionConfigurationPlatforms) = preSolution
		Debug|Any CPU = Debug|Any CPU
		Release|Any CPU = Release|Any CPU
	EndGlobalSection
	GlobalSection(ProjectConfigurationPlatforms) = postSolution
		{15648BCA-1E78-488C-BAD8-50E6D8D16068}.Debug|Any CPU.ActiveCfg = Debug|Any CPU
		{15648BCA-1E78-488C-BAD8-50E6D8D16068}.Debug|Any CPU.Build.0 = Debug|Any CPU
		{15648BCA-1E78-488C-BAD8-50E6D8D16068}.Release|Any CPU.ActiveCfg = Release|Any CPU
		{15648BCA-1E78-488C-BAD8-50E6D8D16068}.Release|Any CPU.Build.0 = Release|Any CPU
	EndGlobalSection
	GlobalSection(SolutionProperties) = preSolution
		HideSolutionNode = FALSE
	EndGlobalSection
	GlobalSection(ExtensibilityGlobals) = postSolution
		SolutionGuid = {8B55F3B2-A37A-48CC-985C-A6BFF971DCFF}
	EndGlobalSection
EndGlobal
