
Microsoft Visual Studio Solution File, Format Version 12.00
# Visual Studio Version 16
VisualStudioVersion = 16.0.31729.503
MinimumVisualStudioVersion = 10.0.40219.1
Project("{FAE04EC0-301F-11D3-BF4B-00C04F79EFBC}") = "Dzielenie_pizzy", "Dzielenie_pizzy\Dzielenie_pizzy.csproj", "{55B2454E-7102-4D9E-BEA3-1201ED11DE1C}"
EndProject
Global
	GlobalSection(SolutionConfigurationPlatforms) = preSolution
		Debug|Any CPU = Debug|Any CPU
		Release|Any CPU = Release|Any CPU
	EndGlobalSection
	GlobalSection(ProjectConfigurationPlatforms) = postSolution
		{55B2454E-7102-4D9E-BEA3-1201ED11DE1C}.Debug|Any CPU.ActiveCfg = Debug|Any CPU
		{55B2454E-7102-4D9E-BEA3-1201ED11DE1C}.Debug|Any CPU.Build.0 = Debug|Any CPU
		{55B2454E-7102-4D9E-BEA3-1201ED11DE1C}.Release|Any CPU.ActiveCfg = Release|Any CPU
		{55B2454E-7102-4D9E-BEA3-1201ED11DE1C}.Release|Any CPU.Build.0 = Release|Any CPU
	EndGlobalSection
	GlobalSection(SolutionProperties) = preSolution
		HideSolutionNode = FALSE
	EndGlobalSection
	GlobalSection(ExtensibilityGlobals) = postSolution
		SolutionGuid = {A8C316DC-82FF-4320-AB8D-5C0F6D4AB138}
	EndGlobalSection
EndGlobal
