
Microsoft Visual Studio Solution File, Format Version 12.00
# Visual Studio Version 16
VisualStudioVersion = 16.0.31205.134
MinimumVisualStudioVersion = 10.0.40219.1
Project("{FAE04EC0-301F-11D3-BF4B-00C04F79EFBC}") = "SMPSEQ8", "SMPSEQ8\SMPSEQ8.csproj", "{EB618EF9-2503-4C7B-91FD-E3B292E42DE2}"
EndProject
Global
	GlobalSection(SolutionConfigurationPlatforms) = preSolution
		Debug|Any CPU = Debug|Any CPU
		Release|Any CPU = Release|Any CPU
	EndGlobalSection
	GlobalSection(ProjectConfigurationPlatforms) = postSolution
		{EB618EF9-2503-4C7B-91FD-E3B292E42DE2}.Debug|Any CPU.ActiveCfg = Debug|Any CPU
		{EB618EF9-2503-4C7B-91FD-E3B292E42DE2}.Debug|Any CPU.Build.0 = Debug|Any CPU
		{EB618EF9-2503-4C7B-91FD-E3B292E42DE2}.Release|Any CPU.ActiveCfg = Release|Any CPU
		{EB618EF9-2503-4C7B-91FD-E3B292E42DE2}.Release|Any CPU.Build.0 = Release|Any CPU
	EndGlobalSection
	GlobalSection(SolutionProperties) = preSolution
		HideSolutionNode = FALSE
	EndGlobalSection
	GlobalSection(ExtensibilityGlobals) = postSolution
		SolutionGuid = {A6EA21CF-EA78-45AA-82EA-F7FF00ACFC76}
	EndGlobalSection
EndGlobal
