
Microsoft Visual Studio Solution File, Format Version 12.00
# Visual Studio Version 16
VisualStudioVersion = 16.0.31205.134
MinimumVisualStudioVersion = 10.0.40219.1
Project("{FAE04EC0-301F-11D3-BF4B-00C04F79EFBC}") = "HFLOOR - Hotel Floors", "HFLOOR - Hotel Floors\HFLOOR - Hotel Floors.csproj", "{BB98E785-9101-426A-A8E7-9FBB6FAB0E79}"
EndProject
Global
	GlobalSection(SolutionConfigurationPlatforms) = preSolution
		Debug|Any CPU = Debug|Any CPU
		Release|Any CPU = Release|Any CPU
	EndGlobalSection
	GlobalSection(ProjectConfigurationPlatforms) = postSolution
		{BB98E785-9101-426A-A8E7-9FBB6FAB0E79}.Debug|Any CPU.ActiveCfg = Debug|Any CPU
		{BB98E785-9101-426A-A8E7-9FBB6FAB0E79}.Debug|Any CPU.Build.0 = Debug|Any CPU
		{BB98E785-9101-426A-A8E7-9FBB6FAB0E79}.Release|Any CPU.ActiveCfg = Release|Any CPU
		{BB98E785-9101-426A-A8E7-9FBB6FAB0E79}.Release|Any CPU.Build.0 = Release|Any CPU
	EndGlobalSection
	GlobalSection(SolutionProperties) = preSolution
		HideSolutionNode = FALSE
	EndGlobalSection
	GlobalSection(ExtensibilityGlobals) = postSolution
		SolutionGuid = {82F0319E-42DA-47BE-A5A3-7CD2D5E8FCD0}
	EndGlobalSection
EndGlobal
