
Microsoft Visual Studio Solution File, Format Version 12.00
# Visual Studio Version 16
VisualStudioVersion = 16.0.31313.79
MinimumVisualStudioVersion = 10.0.40219.1
Project("{FAE04EC0-301F-11D3-BF4B-00C04F79EFBC}") = "Klasa Person, klasa Child, dziedziczenie", "Klasa Person, klasa Child, dziedziczenie\Klasa Person, klasa Child, dziedziczenie.csproj", "{A7C729DE-8559-4F60-9FCB-C13A240C69FB}"
EndProject
Global
	GlobalSection(SolutionConfigurationPlatforms) = preSolution
		Debug|Any CPU = Debug|Any CPU
		Release|Any CPU = Release|Any CPU
	EndGlobalSection
	GlobalSection(ProjectConfigurationPlatforms) = postSolution
		{A7C729DE-8559-4F60-9FCB-C13A240C69FB}.Debug|Any CPU.ActiveCfg = Debug|Any CPU
		{A7C729DE-8559-4F60-9FCB-C13A240C69FB}.Debug|Any CPU.Build.0 = Debug|Any CPU
		{A7C729DE-8559-4F60-9FCB-C13A240C69FB}.Release|Any CPU.ActiveCfg = Release|Any CPU
		{A7C729DE-8559-4F60-9FCB-C13A240C69FB}.Release|Any CPU.Build.0 = Release|Any CPU
	EndGlobalSection
	GlobalSection(SolutionProperties) = preSolution
		HideSolutionNode = FALSE
	EndGlobalSection
	GlobalSection(ExtensibilityGlobals) = postSolution
		SolutionGuid = {4C96CFAB-0A1E-4CFA-BA75-0D28E3F99938}
	EndGlobalSection
EndGlobal
