
Microsoft Visual Studio Solution File, Format Version 12.00
# Visual Studio Version 16
VisualStudioVersion = 16.0.31105.61
MinimumVisualStudioVersion = 10.0.40219.1
Project("{FAE04EC0-301F-11D3-BF4B-00C04F79EFBC}") = "Spoj3", "Spoj3\Spoj3.csproj", "{BBA7A924-648C-4E35-81C0-A056F5F83C9E}"
EndProject
Global
	GlobalSection(SolutionConfigurationPlatforms) = preSolution
		Debug|Any CPU = Debug|Any CPU
		Release|Any CPU = Release|Any CPU
	EndGlobalSection
	GlobalSection(ProjectConfigurationPlatforms) = postSolution
		{BBA7A924-648C-4E35-81C0-A056F5F83C9E}.Debug|Any CPU.ActiveCfg = Debug|Any CPU
		{BBA7A924-648C-4E35-81C0-A056F5F83C9E}.Debug|Any CPU.Build.0 = Debug|Any CPU
		{BBA7A924-648C-4E35-81C0-A056F5F83C9E}.Release|Any CPU.ActiveCfg = Release|Any CPU
		{BBA7A924-648C-4E35-81C0-A056F5F83C9E}.Release|Any CPU.Build.0 = Release|Any CPU
	EndGlobalSection
	GlobalSection(SolutionProperties) = preSolution
		HideSolutionNode = FALSE
	EndGlobalSection
	GlobalSection(ExtensibilityGlobals) = postSolution
		SolutionGuid = {1B13462E-AA5A-467E-9BA0-17A357F58A5B}
	EndGlobalSection
EndGlobal
